
Microsoft Visual Studio Solution File, Format Version 12.00
# Visual Studio Version 17
VisualStudioVersion = 17.0.32014.148
MinimumVisualStudioVersion = 10.0.40219.1
Project("{FAE04EC0-301F-11D3-BF4B-00C04F79EFBC}") = "SC - Mail Validator", "SC - Mail Validator\SC - Mail Validator.csproj", "{C04185E5-5128-42BD-A5CA-93FB9CD4F07D}"
EndProject
Global
	GlobalSection(SolutionConfigurationPlatforms) = preSolution
		Debug|Any CPU = Debug|Any CPU
		Release|Any CPU = Release|Any CPU
	EndGlobalSection
	GlobalSection(ProjectConfigurationPlatforms) = postSolution
		{C04185E5-5128-42BD-A5CA-93FB9CD4F07D}.Debug|Any CPU.ActiveCfg = Debug|Any CPU
		{C04185E5-5128-42BD-A5CA-93FB9CD4F07D}.Debug|Any CPU.Build.0 = Debug|Any CPU
		{C04185E5-5128-42BD-A5CA-93FB9CD4F07D}.Release|Any CPU.ActiveCfg = Release|Any CPU
		{C04185E5-5128-42BD-A5CA-93FB9CD4F07D}.Release|Any CPU.Build.0 = Release|Any CPU
	EndGlobalSection
	GlobalSection(SolutionProperties) = preSolution
		HideSolutionNode = FALSE
	EndGlobalSection
	GlobalSection(ExtensibilityGlobals) = postSolution
		SolutionGuid = {22203E97-D422-41F7-B47C-37D31163C0A9}
	EndGlobalSection
EndGlobal
